// !$*UTF8*$!
{
	archiveVersion = 1;
	classes = {
	};
	objectVersion = 50;
	objects = {

/* Begin PBXBuildFile section */
		F124157B22CB92CB00CC4503 /* ReservationsManager.swift in Sources */ = {isa = PBXBuildFile; fileRef = F124157A22CB92CB00CC4503 /* ReservationsManager.swift */; };
		F124157D22CB9CC500CC4503 /* HelperExtensions.swift in Sources */ = {isa = PBXBuildFile; fileRef = F124157C22CB9CC500CC4503 /* HelperExtensions.swift */; };
		F18A42FC22CB82FF00CE6EE6 /* CarReservation.swift in Sources */ = {isa = PBXBuildFile; fileRef = F18A42FB22CB82FF00CE6EE6 /* CarReservation.swift */; };
		F1E68B3922CB79F9005A52B3 /* AppDelegate.swift in Sources */ = {isa = PBXBuildFile; fileRef = F1E68B3822CB79F9005A52B3 /* AppDelegate.swift */; };
		F1E68B3B22CB79F9005A52B3 /* ViewController.swift in Sources */ = {isa = PBXBuildFile; fileRef = F1E68B3A22CB79F9005A52B3 /* ViewController.swift */; };
		F1E68B3E22CB79F9005A52B3 /* Main.storyboard in Resources */ = {isa = PBXBuildFile; fileRef = F1E68B3C22CB79F9005A52B3 /* Main.storyboard */; };
		F1E68B4022CB79FD005A52B3 /* Assets.xcassets in Resources */ = {isa = PBXBuildFile; fileRef = F1E68B3F22CB79FD005A52B3 /* Assets.xcassets */; };
		F1E68B4322CB79FD005A52B3 /* LaunchScreen.storyboard in Resources */ = {isa = PBXBuildFile; fileRef = F1E68B4122CB79FD005A52B3 /* LaunchScreen.storyboard */; };
		F1E68B4B22CB7C8A005A52B3 /* DetailViewController.swift in Sources */ = {isa = PBXBuildFile; fileRef = F1E68B4A22CB7C8A005A52B3 /* DetailViewController.swift */; };
		F1E68B4D22CB7CE1005A52B3 /* DetailViewController.storyboard in Resources */ = {isa = PBXBuildFile; fileRef = F1E68B4C22CB7CE1005A52B3 /* DetailViewController.storyboard */; };
/* End PBXBuildFile section */

/* Begin PBXFileReference section */
		F124157A22CB92CB00CC4503 /* ReservationsManager.swift */ = {isa = PBXFileReference; lastKnownFileType = sourcecode.swift; path = ReservationsManager.swift; sourceTree = "<group>"; };
		F124157C22CB9CC500CC4503 /* HelperExtensions.swift */ = {isa = PBXFileReference; lastKnownFileType = sourcecode.swift; path = HelperExtensions.swift; sourceTree = "<group>"; };
		F18A42FB22CB82FF00CE6EE6 /* CarReservation.swift */ = {isa = PBXFileReference; lastKnownFileType = sourcecode.swift; path = CarReservation.swift; sourceTree = "<group>"; };
		F18A42FD22CB84E200CE6EE6 /* Donate.entitlements */ = {isa = PBXFileReference; lastKnownFileType = text.plist.entitlements; path = Donate.entitlements; sourceTree = "<group>"; };
		F1E68B3522CB79F9005A52B3 /* Donate.app */ = {isa = PBXFileReference; explicitFileType = wrapper.application; includeInIndex = 0; path = Donate.app; sourceTree = BUILT_PRODUCTS_DIR; };
		F1E68B3822CB79F9005A52B3 /* AppDelegate.swift */ = {isa = PBXFileReference; lastKnownFileType = sourcecode.swift; path = AppDelegate.swift; sourceTree = "<group>"; };
		F1E68B3A22CB79F9005A52B3 /* ViewController.swift */ = {isa = PBXFileReference; lastKnownFileType = sourcecode.swift; path = ViewController.swift; sourceTree = "<group>"; };
		F1E68B3D22CB79F9005A52B3 /* Base */ = {isa = PBXFileReference; lastKnownFileType = file.storyboard; name = Base; path = Base.lproj/Main.storyboard; sourceTree = "<group>"; };
		F1E68B3F22CB79FD005A52B3 /* Assets.xcassets */ = {isa = PBXFileReference; lastKnownFileType = folder.assetcatalog; path = Assets.xcassets; sourceTree = "<group>"; };
		F1E68B4222CB79FD005A52B3 /* Base */ = {isa = PBXFileReference; lastKnownFileType = file.storyboard; name = Base; path = Base.lproj/LaunchScreen.storyboard; sourceTree = "<group>"; };
		F1E68B4422CB79FD005A52B3 /* Info.plist */ = {isa = PBXFileReference; lastKnownFileType = text.plist.xml; path = Info.plist; sourceTree = "<group>"; };
		F1E68B4A22CB7C8A005A52B3 /* DetailViewController.swift */ = {isa = PBXFileReference; lastKnownFileType = sourcecode.swift; path = DetailViewController.swift; sourceTree = "<group>"; };
		F1E68B4C22CB7CE1005A52B3 /* DetailViewController.storyboard */ = {isa = PBXFileReference; lastKnownFileType = file.storyboard; path = DetailViewController.storyboard; sourceTree = "<group>"; };
/* End PBXFileReference section */

/* Begin PBXFrameworksBuildPhase section */
		F1E68B3222CB79F9005A52B3 /* Frameworks */ = {
			isa = PBXFrameworksBuildPhase;
			buildActionMask = 2147483647;
			files = (
			);
			runOnlyForDeploymentPostprocessing = 0;
		};
/* End PBXFrameworksBuildPhase section */

/* Begin PBXGroup section */
		F124157E22CCA6BF00CC4503 /* Storyboards */ = {
			isa = PBXGroup;
			children = (
				F1E68B4C22CB7CE1005A52B3 /* DetailViewController.storyboard */,
				F1E68B4122CB79FD005A52B3 /* LaunchScreen.storyboard */,
				F1E68B3C22CB79F9005A52B3 /* Main.storyboard */,
			);
			path = Storyboards;
			sourceTree = "<group>";
		};
		F1E68B2C22CB79F9005A52B3 = {
			isa = PBXGroup;
			children = (
				F1E68B3722CB79F9005A52B3 /* Donate */,
				F1E68B3622CB79F9005A52B3 /* Products */,
			);
			sourceTree = "<group>";
		};
		F1E68B3622CB79F9005A52B3 /* Products */ = {
			isa = PBXGroup;
			children = (
				F1E68B3522CB79F9005A52B3 /* Donate.app */,
			);
			name = Products;
			sourceTree = "<group>";
		};
		F1E68B3722CB79F9005A52B3 /* Donate */ = {
			isa = PBXGroup;
			children = (
				F124157E22CCA6BF00CC4503 /* Storyboards */,
				F1E68B3822CB79F9005A52B3 /* AppDelegate.swift */,
				F1E68B3F22CB79FD005A52B3 /* Assets.xcassets */,
				F18A42FB22CB82FF00CE6EE6 /* CarReservation.swift */,
				F1E68B4A22CB7C8A005A52B3 /* DetailViewController.swift */,
				F124157A22CB92CB00CC4503 /* ReservationsManager.swift */,
				F18A42FD22CB84E200CE6EE6 /* Donate.entitlements */,
				F1E68B4422CB79FD005A52B3 /* Info.plist */,
				F1E68B3A22CB79F9005A52B3 /* ViewController.swift */,
				F124157C22CB9CC500CC4503 /* HelperExtensions.swift */,
			);
			path = Donate;
			sourceTree = "<group>";
		};
/* End PBXGroup section */

/* Begin PBXNativeTarget section */
		F1E68B3422CB79F9005A52B3 /* Donate */ = {
			isa = PBXNativeTarget;
			buildConfigurationList = F1E68B4722CB79FD005A52B3 /* Build configuration list for PBXNativeTarget "Donate" */;
			buildPhases = (
				F1E68B3122CB79F9005A52B3 /* Sources */,
				F1E68B3222CB79F9005A52B3 /* Frameworks */,
				F1E68B3322CB79F9005A52B3 /* Resources */,
			);
			buildRules = (
			);
			dependencies = (
			);
			name = Donate;
			productName = Donate;
			productReference = F1E68B3522CB79F9005A52B3 /* Donate.app */;
			productType = "com.apple.product-type.application";
		};
/* End PBXNativeTarget section */

/* Begin PBXProject section */
		F1E68B2D22CB79F9005A52B3 /* Project object */ = {
			isa = PBXProject;
			attributes = {
				LastSwiftUpdateCheck = 1020;
				LastUpgradeCheck = 1020;
				ORGANIZATIONNAME = "Guillermo Moraleda";
				TargetAttributes = {
					F1E68B3422CB79F9005A52B3 = {
						CreatedOnToolsVersion = 10.2.1;
						SystemCapabilities = {
							com.apple.Siri = {
								enabled = 0;
							};
						};
					};
				};
			};
			buildConfigurationList = F1E68B3022CB79F9005A52B3 /* Build configuration list for PBXProject "Donate" */;
			compatibilityVersion = "Xcode 9.3";
			developmentRegion = en;
			hasScannedForEncodings = 0;
			knownRegions = (
				en,
				Base,
			);
			mainGroup = F1E68B2C22CB79F9005A52B3;
			productRefGroup = F1E68B3622CB79F9005A52B3 /* Products */;
			projectDirPath = "";
			projectRoot = "";
			targets = (
				F1E68B3422CB79F9005A52B3 /* Donate */,
			);
		};
/* End PBXProject section */

/* Begin PBXResourcesBuildPhase section */
		F1E68B3322CB79F9005A52B3 /* Resources */ = {
			isa = PBXResourcesBuildPhase;
			buildActionMask = 2147483647;
			files = (
				F1E68B4D22CB7CE1005A52B3 /* DetailViewController.storyboard in Resources */,
				F1E68B4322CB79FD005A52B3 /* LaunchScreen.storyboard in Resources */,
				F1E68B4022CB79FD005A52B3 /* Assets.xcassets in Resources */,
				F1E68B3E22CB79F9005A52B3 /* Main.storyboard in Resources */,
			);
			runOnlyForDeploymentPostprocessing = 0;
		};
/* End PBXResourcesBuildPhase section */

/* Begin PBXSourcesBuildPhase section */
		F1E68B3122CB79F9005A52B3 /* Sources */ = {
			isa = PBXSourcesBuildPhase;
			buildActionMask = 2147483647;
			files = (
				F1E68B4B22CB7C8A005A52B3 /* DetailViewController.swift in Sources */,
				F124157D22CB9CC500CC4503 /* HelperExtensions.swift in Sources */,
				F1E68B3B22CB79F9005A52B3 /* ViewController.swift in Sources */,
				F1E68B3922CB79F9005A52B3 /* AppDelegate.swift in Sources */,
				F18A42FC22CB82FF00CE6EE6 /* CarReservation.swift in Sources */,
				F124157B22CB92CB00CC4503 /* ReservationsManager.swift in Sources */,
			);
			runOnlyForDeploymentPostprocessing = 0;
		};
/* End PBXSourcesBuildPhase section */

/* Begin PBXVariantGroup section */
		F1E68B3C22CB79F9005A52B3 /* Main.storyboard */ = {
			isa = PBXVariantGroup;
			children = (
				F1E68B3D22CB79F9005A52B3 /* Base */,
			);
			name = Main.storyboard;
			sourceTree = "<group>";
		};
		F1E68B4122CB79FD005A52B3 /* LaunchScreen.storyboard */ = {
			isa = PBXVariantGroup;
			children = (
				F1E68B4222CB79FD005A52B3 /* Base */,
			);
			name = LaunchScreen.storyboard;
			sourceTree = "<group>";
		};
/* End PBXVariantGroup section */

/* Begin XCBuildConfiguration section */
		F1E68B4522CB79FD005A52B3 /* Debug */ = {
			isa = XCBuildConfiguration;
			buildSettings = {
				ALWAYS_SEARCH_USER_PATHS = NO;
				CLANG_ANALYZER_NONNULL = YES;
				CLANG_ANALYZER_NUMBER_OBJECT_CONVERSION = YES_AGGRESSIVE;
				CLANG_CXX_LANGUAGE_STANDARD = "gnu++14";
				CLANG_CXX_LIBRARY = "libc++";
				CLANG_ENABLE_MODULES = YES;
				CLANG_ENABLE_OBJC_ARC = YES;
				CLANG_ENABLE_OBJC_WEAK = YES;
				CLANG_WARN_BLOCK_CAPTURE_AUTORELEASING = YES;
				CLANG_WARN_BOOL_CONVERSION = YES;
				CLANG_WARN_COMMA = YES;
				CLANG_WARN_CONSTANT_CONVERSION = YES;
				CLANG_WARN_DEPRECATED_OBJC_IMPLEMENTATIONS = YES;
				CLANG_WARN_DIRECT_OBJC_ISA_USAGE = YES_ERROR;
				CLANG_WARN_DOCUMENTATION_COMMENTS = YES;
				CLANG_WARN_EMPTY_BODY = YES;
				CLANG_WARN_ENUM_CONVERSION = YES;
				CLANG_WARN_INFINITE_RECURSION = YES;
				CLANG_WARN_INT_CONVERSION = YES;
				CLANG_WARN_NON_LITERAL_NULL_CONVERSION = YES;
				CLANG_WARN_OBJC_IMPLICIT_RETAIN_SELF = YES;
				CLANG_WARN_OBJC_LITERAL_CONVERSION = YES;
				CLANG_WARN_OBJC_ROOT_CLASS = YES_ERROR;
				CLANG_WARN_RANGE_LOOP_ANALYSIS = YES;
				CLANG_WARN_STRICT_PROTOTYPES = YES;
				CLANG_WARN_SUSPICIOUS_MOVE = YES;
				CLANG_WARN_UNGUARDED_AVAILABILITY = YES_AGGRESSIVE;
				CLANG_WARN_UNREACHABLE_CODE = YES;
				CLANG_WARN__DUPLICATE_METHOD_MATCH = YES;
				CODE_SIGN_IDENTITY = "iPhone Developer";
				COPY_PHASE_STRIP = NO;
				DEBUG_INFORMATION_FORMAT = dwarf;
				ENABLE_STRICT_OBJC_MSGSEND = YES;
				ENABLE_TESTABILITY = YES;
				GCC_C_LANGUAGE_STANDARD = gnu11;
				GCC_DYNAMIC_NO_PIC = NO;
				GCC_NO_COMMON_BLOCKS = YES;
				GCC_OPTIMIZATION_LEVEL = 0;
				GCC_PREPROCESSOR_DEFINITIONS = (
					"DEBUG=1",
					"$(inherited)",
				);
				GCC_WARN_64_TO_32_BIT_CONVERSION = YES;
				GCC_WARN_ABOUT_RETURN_TYPE = YES_ERROR;
				GCC_WARN_UNDECLARED_SELECTOR = YES;
				GCC_WARN_UNINITIALIZED_AUTOS = YES_AGGRESSIVE;
				GCC_WARN_UNUSED_FUNCTION = YES;
				GCC_WARN_UNUSED_VARIABLE = YES;
				IPHONEOS_DEPLOYMENT_TARGET = 13.0;
				MTL_ENABLE_DEBUG_INFO = INCLUDE_SOURCE;
				MTL_FAST_MATH = YES;
				ONLY_ACTIVE_ARCH = YES;
				SDKROOT = iphoneos;
				SWIFT_ACTIVE_COMPILATION_CONDITIONS = DEBUG;
				SWIFT_OPTIMIZATION_LEVEL = "-Onone";
				SWIFT_VERSION = 5.0;
			};
			name = Debug;
		};
		F1E68B4622CB79FD005A52B3 /* Release */ = {
			isa = XCBuildConfiguration;
			buildSettings = {
				ALWAYS_SEARCH_USER_PATHS = NO;
				CLANG_ANALYZER_NONNULL = YES;
				CLANG_ANALYZER_NUMBER_OBJECT_CONVERSION = YES_AGGRESSIVE;
				CLANG_CXX_LANGUAGE_STANDARD = "gnu++14";
				CLANG_CXX_LIBRARY = "libc++";
				CLANG_ENABLE_MODULES = YES;
				CLANG_ENABLE_OBJC_ARC = YES;
				CLANG_ENABLE_OBJC_WEAK = YES;
				CLANG_WARN_BLOCK_CAPTURE_AUTORELEASING = YES;
				CLANG_WARN_BOOL_CONVERSION = YES;
				CLANG_WARN_COMMA = YES;
				CLANG_WARN_CONSTANT_CONVERSION = YES;
				CLANG_WARN_DEPRECATED_OBJC_IMPLEMENTATIONS = YES;
				CLANG_WARN_DIRECT_OBJC_ISA_USAGE = YES_ERROR;
				CLANG_WARN_DOCUMENTATION_COMMENTS = YES;
				CLANG_WARN_EMPTY_BODY = YES;
				CLANG_WARN_ENUM_CONVERSION = YES;
				CLANG_WARN_INFINITE_RECURSION = YES;
				CLANG_WARN_INT_CONVERSION = YES;
				CLANG_WARN_NON_LITERAL_NULL_CONVERSION = YES;
				CLANG_WARN_OBJC_IMPLICIT_RETAIN_SELF = YES;
				CLANG_WARN_OBJC_LITERAL_CONVERSION = YES;
				CLANG_WARN_OBJC_ROOT_CLASS = YES_ERROR;
				CLANG_WARN_RANGE_LOOP_ANALYSIS = YES;
				CLANG_WARN_STRICT_PROTOTYPES = YES;
				CLANG_WARN_SUSPICIOUS_MOVE = YES;
				CLANG_WARN_UNGUARDED_AVAILABILITY = YES_AGGRESSIVE;
				CLANG_WARN_UNREACHABLE_CODE = YES;
				CLANG_WARN__DUPLICATE_METHOD_MATCH = YES;
				CODE_SIGN_IDENTITY = "iPhone Developer";
				COPY_PHASE_STRIP = NO;
				DEBUG_INFORMATION_FORMAT = "dwarf-with-dsym";
				ENABLE_NS_ASSERTIONS = NO;
				ENABLE_STRICT_OBJC_MSGSEND = YES;
				GCC_C_LANGUAGE_STANDARD = gnu11;
				GCC_NO_COMMON_BLOCKS = YES;
				GCC_WARN_64_TO_32_BIT_CONVERSION = YES;
				GCC_WARN_ABOUT_RETURN_TYPE = YES_ERROR;
				GCC_WARN_UNDECLARED_SELECTOR = YES;
				GCC_WARN_UNINITIALIZED_AUTOS = YES_AGGRESSIVE;
				GCC_WARN_UNUSED_FUNCTION = YES;
				GCC_WARN_UNUSED_VARIABLE = YES;
				IPHONEOS_DEPLOYMENT_TARGET = 13.0;
				MTL_ENABLE_DEBUG_INFO = NO;
				MTL_FAST_MATH = YES;
				SDKROOT = iphoneos;
				SWIFT_COMPILATION_MODE = wholemodule;
				SWIFT_OPTIMIZATION_LEVEL = "-O";
				SWIFT_VERSION = 5.0;
				VALIDATE_PRODUCT = YES;
			};
			name = Release;
		};
		F1E68B4822CB79FD005A52B3 /* Debug */ = {
			isa = XCBuildConfiguration;
			buildSettings = {
				ASSETCATALOG_COMPILER_APPICON_NAME = AppIcon;
				CODE_SIGN_STYLE = Automatic;
				DEVELOPMENT_TEAM = 3ZY7Z9DXM4;
				INFOPLIST_FILE = Donate/Info.plist;
				LD_RUNPATH_SEARCH_PATHS = (
					"$(inherited)",
					"@executable_path/Frameworks",
				);
				PRODUCT_BUNDLE_IDENTIFIER = com.cluno.Donate;
				PRODUCT_NAME = "$(TARGET_NAME)";
				SWIFT_VERSION = 5.0;
				TARGETED_DEVICE_FAMILY = "1,2";
			};
			name = Debug;
		};
		F1E68B4922CB79FD005A52B3 /* Release */ = {
			isa = XCBuildConfiguration;
			buildSettings = {
				ASSETCATALOG_COMPILER_APPICON_NAME = AppIcon;
				CODE_SIGN_STYLE = Automatic;
				DEVELOPMENT_TEAM = 3ZY7Z9DXM4;
				INFOPLIST_FILE = Donate/Info.plist;
				LD_RUNPATH_SEARCH_PATHS = (
					"$(inherited)",
					"@executable_path/Frameworks",
				);
				PRODUCT_BUNDLE_IDENTIFIER = com.cluno.Donate;
				PRODUCT_NAME = "$(TARGET_NAME)";
				SWIFT_VERSION = 5.0;
				TARGETED_DEVICE_FAMILY = "1,2";
			};
			name = Release;
		};
/* End XCBuildConfiguration section */

/* Begin XCConfigurationList section */
		F1E68B3022CB79F9005A52B3 /* Build configuration list for PBXProject "Donate" */ = {
			isa = XCConfigurationList;
			buildConfigurations = (
				F1E68B4522CB79FD005A52B3 /* Debug */,
				F1E68B4622CB79FD005A52B3 /* Release */,
			);
			defaultConfigurationIsVisible = 0;
			defaultConfigurationName = Release;
		};
		F1E68B4722CB79FD005A52B3 /* Build configuration list for PBXNativeTarget "Donate" */ = {
			isa = XCConfigurationList;
			buildConfigurations = (
				F1E68B4822CB79FD005A52B3 /* Debug */,
				F1E68B4922CB79FD005A52B3 /* Release */,
			);
			defaultConfigurationIsVisible = 0;
			defaultConfigurationName = Release;
		};
/* End XCConfigurationList section */
	};
	rootObject = F1E68B2D22CB79F9005A52B3 /* Project object */;
}
